{
  "name": "HireStack",
  "lockfileVersion": 3,
  "requires": true,
  "packages": {
    "": {
      "dependencies": {
        "canvas-confetti": "^1.9.3",
        "react-resizable-panels": "^4.7.4"
      }
    },
    "node_modules/canvas-confetti": {
      "version": "1.9.3",
      "resolved": "https://registry.npmjs.org/canvas-confetti/-/canvas-confetti-1.9.3.tgz",
      "integrity": "sha512-rFfTURMvmVEX1gyXFgn5QMn81bYk70qa0HLzcIOSVEyl57n6o9ItHeBtUSWdvKAPY0xlvBHno4/v3QPrT83q9g==",
      "license": "ISC",
      "funding": {
        "type": "donate",
        "url": "https://www.paypal.me/kirilvatev"
      }
    },
    "node_modules/react": {
      "version": "19.2.4",
      "resolved": "https://registry.npmjs.org/react/-/react-19.2.4.tgz",
      "integrity": "sha512-9nfp2hYpCwOjAN+8TZFGhtWEwgvWHXqESH8qT89AT/lWklpLON22Lc8pEtnpsZz7VmawabSU0gCjnj8aC0euHQ==",
      "license": "MIT",
      "peer": true,
      "engines": {
        "node": ">=0.10.0"
      }
    },
    "node_modules/react-dom": {
      "version": "19.2.4",
      "resolved": "https://registry.npmjs.org/react-dom/-/react-dom-19.2.4.tgz",
      "integrity": "sha512-AXJdLo8kgMbimY95O2aKQqsz2iWi9jMgKJhRBAxECE4IFxfcazB2LmzloIoibJI3C12IlY20+KFaLv+71bUJeQ==",
      "license": "MIT",
      "peer": true,
      "dependencies": {
        "scheduler": "^0.27.0"
      },
      "peerDependencies": {
        "react": "^19.2.4"
      }
    },
    "node_modules/react-resizable-panels": {
      "version": "4.7.4",
      "resolved": "https://registry.npmjs.org/react-resizable-panels/-/react-resizable-panels-4.7.4.tgz",
      "integrity": "sha512-1sehMbUJxZFj4imu1TuH+RS7Xe5Jo+3HyxBYafCEdxPmDeLAQNmKEByyxCQRl7xCLa5cLXSJ9T8acQyyiPsNdQ==",
      "license": "MIT",
      "peerDependencies": {
        "react": "^18.0.0 || ^19.0.0",
        "react-dom": "^18.0.0 || ^19.0.0"
      }
    },
    "node_modules/scheduler": {
      "version": "0.27.0",
      "resolved": "https://registry.npmjs.org/scheduler/-/scheduler-0.27.0.tgz",
      "integrity": "sha512-eNv+WrVbKu1f3vbYJT/xtiF5syA5HPIMtf9IgY/nKg0sWqzAUEvqY/xm7OcZc/qafLx/iO9FgOmeSAp4v5ti/Q==",
      "license": "MIT",
      "peer": true
    }
  }
}
